<?xml version="1.0" encoding="utf-8"?>
<Project ToolsVersion="4.0" xmlns="http://schemas.microsoft.com/developer/msbuild/2003">
  <ItemGroup>
    <Filter Include="ソース ファイル">
      <UniqueIdentifier>{4FC737F1-C7A5-4376-A066-2A32D752A2FF}</UniqueIdentifier>
      <Extensions>cpp;c;cc;cxx;def;odl;idl;hpj;bat;asm;asmx</Extensions>
    </Filter>
    <Filter Include="ヘッダー ファイル">
      <UniqueIdentifier>{93995380-89BD-4b04-88EB-625FBE52EBFB}</UniqueIdentifier>
      <Extensions>h;hh;hpp;hxx;hm;inl;inc;xsd</Extensions>
    </Filter>
    <Filter Include="リソース ファイル">
      <UniqueIdentifier>{67DA6AB6-F800-4c08-8B7A-83BB121AAD01}</UniqueIdentifier>
      <Extensions>rc;ico;cur;bmp;dlg;rc2;rct;bin;rgs;gif;jpg;jpeg;jpe;resx;tiff;tif;png;wav;mfcribbon-ms</Extensions>
    </Filter>
    <Filter Include="ソース ファイル\モード">
      <UniqueIdentifier>{7bfa6f05-398f-4d9e-9789-ca7b672c5bbf}</UniqueIdentifier>
    </Filter>
    <Filter Include="ソース ファイル\ゴール">
      <UniqueIdentifier>{354a4e90-926a-4f8d-b21a-d579045324da}</UniqueIdentifier>
    </Filter>
    <Filter Include="ソース ファイル\フィールド">
      <UniqueIdentifier>{d50d858d-f349-4217-8953-10061c582e15}</UniqueIdentifier>
    </Filter>
    <Filter Include="ソース ファイル\メッシュスフィア">
      <UniqueIdentifier>{c386e7dd-1f46-48b5-8726-193ef57bedbc}</UniqueIdentifier>
    </Filter>
    <Filter Include="ソース ファイル\エフェクトスフィア">
      <UniqueIdentifier>{3aa7a4d3-0a31-449c-874b-3af57c21aeee}</UniqueIdentifier>
    </Filter>
    <Filter Include="ソース ファイル\ステージ">
      <UniqueIdentifier>{fb7d21f6-e400-4aaa-a550-6b4acea59b13}</UniqueIdentifier>
    </Filter>
    <Filter Include="ソース ファイル\敵">
      <UniqueIdentifier>{19689114-1617-4d88-8c59-26b66c0b14f1}</UniqueIdentifier>
    </Filter>
    <Filter Include="ソース ファイル\障害物">
      <UniqueIdentifier>{7984a75d-2ddf-4810-8d44-203e4766affd}</UniqueIdentifier>
    </Filter>
    <Filter Include="ソース ファイル\プレイヤーのモーション">
      <UniqueIdentifier>{3017dc9a-1bdd-4ba7-aa7e-77355e9e9af2}</UniqueIdentifier>
    </Filter>
    <Filter Include="ソース ファイル\影">
      <UniqueIdentifier>{1936b166-f433-439c-aff2-9aae2c8c580f}</UniqueIdentifier>
    </Filter>
    <Filter Include="ソース ファイル\パーティクル">
      <UniqueIdentifier>{1f7ce12e-7c80-46fc-b01c-03406ff24036}</UniqueIdentifier>
    </Filter>
    <Filter Include="ソース ファイル\ポーズ">
      <UniqueIdentifier>{72032632-52a3-4659-b073-8460ac649a6b}</UniqueIdentifier>
    </Filter>
  </ItemGroup>
  <ItemGroup>
    <ClInclude Include="Scene3D.h">
      <Filter>ヘッダー ファイル</Filter>
    </ClInclude>
    <ClInclude Include="texture.h">
      <Filter>ヘッダー ファイル</Filter>
    </ClInclude>
    <ClInclude Include="title.h">
      <Filter>ヘッダー ファイル</Filter>
    </ClInclude>
    <ClInclude Include="bg.h">
      <Filter>ヘッダー ファイル</Filter>
    </ClInclude>
    <ClInclude Include="camera.h">
      <Filter>ヘッダー ファイル</Filter>
    </ClInclude>
    <ClInclude Include="fade.h">
      <Filter>ヘッダー ファイル</Filter>
    </ClInclude>
    <ClInclude Include="game.h">
      <Filter>ヘッダー ファイル</Filter>
    </ClInclude>
    <ClInclude Include="input.h">
      <Filter>ヘッダー ファイル</Filter>
    </ClInclude>
    <ClInclude Include="keyboard.h">
      <Filter>ヘッダー ファイル</Filter>
    </ClInclude>
    <ClInclude Include="layer_structure.h">
      <Filter>ヘッダー ファイル</Filter>
    </ClInclude>
    <ClInclude Include="light.h">
      <Filter>ヘッダー ファイル</Filter>
    </ClInclude>
    <ClInclude Include="main.h">
      <Filter>ヘッダー ファイル</Filter>
    </ClInclude>
    <ClInclude Include="model.h">
      <Filter>ヘッダー ファイル</Filter>
    </ClInclude>
    <ClInclude Include="model_spawner.h">
      <Filter>ヘッダー ファイル</Filter>
    </ClInclude>
    <ClInclude Include="motion.h">
      <Filter>ヘッダー ファイル</Filter>
    </ClInclude>
    <ClInclude Include="player.h">
      <Filter>ヘッダー ファイル</Filter>
    </ClInclude>
    <ClInclude Include="Renderer.h">
      <Filter>ヘッダー ファイル</Filter>
    </ClInclude>
    <ClInclude Include="result.h">
      <Filter>ヘッダー ファイル</Filter>
    </ClInclude>
    <ClInclude Include="scene.h">
      <Filter>ヘッダー ファイル</Filter>
    </ClInclude>
    <ClInclude Include="scene2D.h">
      <Filter>ヘッダー ファイル</Filter>
    </ClInclude>
    <ClInclude Include="score.h">
      <Filter>ヘッダー ファイル</Filter>
    </ClInclude>
    <ClInclude Include="time.h">
      <Filter>ヘッダー ファイル</Filter>
    </ClInclude>
    <ClInclude Include="XInput.h">
      <Filter>ヘッダー ファイル</Filter>
    </ClInclude>
    <ClInclude Include="billboard.h">
      <Filter>ヘッダー ファイル</Filter>
    </ClInclude>
    <ClInclude Include="Particle.h">
      <Filter>ヘッダー ファイル</Filter>
    </ClInclude>
    <ClInclude Include="effect.h">
      <Filter>ヘッダー ファイル</Filter>
    </ClInclude>
    <ClInclude Include="deleteItem.h">
      <Filter>ヘッダー ファイル</Filter>
    </ClInclude>
    <ClInclude Include="collision.h">
      <Filter>ヘッダー ファイル</Filter>
    </ClInclude>
    <ClInclude Include="goal.h">
      <Filter>ソース ファイル\ゴール</Filter>
    </ClInclude>
    <ClInclude Include="field.h">
      <Filter>ソース ファイル\フィールド</Filter>
    </ClInclude>
    <ClInclude Include="meshsphere.h">
      <Filter>ソース ファイル\メッシュスフィア</Filter>
    </ClInclude>
    <ClInclude Include="effect_sphere.h">
      <Filter>ソース ファイル\エフェクトスフィア</Filter>
    </ClInclude>
    <ClInclude Include="stage.h">
      <Filter>ソース ファイル\ステージ</Filter>
    </ClInclude>
    <ClInclude Include="mouse.h">
      <Filter>ヘッダー ファイル</Filter>
    </ClInclude>
    <ClInclude Include="enemy_baum.h">
      <Filter>ソース ファイル\敵</Filter>
    </ClInclude>
    <ClInclude Include="Enemy.h">
      <Filter>ソース ファイル\敵</Filter>
    </ClInclude>
    <ClInclude Include="barrier_block.h">
      <Filter>ソース ファイル\障害物</Filter>
    </ClInclude>
    <ClInclude Include="barrier_wood.h">
      <Filter>ソース ファイル\障害物</Filter>
    </ClInclude>
    <ClInclude Include="Polygon.h">
      <Filter>ヘッダー ファイル</Filter>
    </ClInclude>
    <ClInclude Include="gauge.h">
      <Filter>ヘッダー ファイル</Filter>
    </ClInclude>
    <ClInclude Include="shadow.h">
      <Filter>ソース ファイル\影</Filter>
    </ClInclude>
    <ClInclude Include="billeffect.h">
      <Filter>ヘッダー ファイル</Filter>
    </ClInclude>
    <ClInclude Include="circle_effect.h">
      <Filter>ヘッダー ファイル</Filter>
    </ClInclude>
    <ClInclude Include="effect_sa.h">
      <Filter>ヘッダー ファイル</Filter>
    </ClInclude>
    <ClInclude Include="explosion_effect.h">
      <Filter>ヘッダー ファイル</Filter>
    </ClInclude>
    <ClInclude Include="smoke_effect.h">
      <Filter>ヘッダー ファイル</Filter>
    </ClInclude>
    <ClInclude Include="pause.h">
      <Filter>ソース ファイル\ポーズ</Filter>
    </ClInclude>
    <ClInclude Include="fair_Effect.h">
      <Filter>ソース ファイル\パーティクル</Filter>
    </ClInclude>
    <ClInclude Include="stage_total_model.h">
      <Filter>ソース ファイル\ステージ</Filter>
    </ClInclude>
    <ClInclude Include="manager.h">
      <Filter>ヘッダー ファイル</Filter>
    </ClInclude>
    <ClInclude Include="sound.h">
      <Filter>ヘッダー ファイル</Filter>
    </ClInclude>
  </ItemGroup>
  <ItemGroup>
    <ClCompile Include="scene.cpp">
      <Filter>ソース ファイル</Filter>
    </ClCompile>
    <ClCompile Include="scene2D.cpp">
      <Filter>ソース ファイル</Filter>
    </ClCompile>
    <ClCompile Include="Scene3D.cpp">
      <Filter>ソース ファイル</Filter>
    </ClCompile>
    <ClCompile Include="texture.cpp">
      <Filter>ソース ファイル</Filter>
    </ClCompile>
    <ClCompile Include="bg.cpp">
      <Filter>ソース ファイル</Filter>
    </ClCompile>
    <ClCompile Include="camera.cpp">
      <Filter>ソース ファイル</Filter>
    </ClCompile>
    <ClCompile Include="fade.cpp">
      <Filter>ソース ファイル</Filter>
    </ClCompile>
    <ClCompile Include="input.cpp">
      <Filter>ソース ファイル</Filter>
    </ClCompile>
    <ClCompile Include="keyboard.cpp">
      <Filter>ソース ファイル</Filter>
    </ClCompile>
    <ClCompile Include="layer_structure.cpp">
      <Filter>ソース ファイル</Filter>
    </ClCompile>
    <ClCompile Include="light.cpp">
      <Filter>ソース ファイル</Filter>
    </ClCompile>
    <ClCompile Include="main.cpp">
      <Filter>ソース ファイル</Filter>
    </ClCompile>
    <ClCompile Include="model.cpp">
      <Filter>ソース ファイル</Filter>
    </ClCompile>
    <ClCompile Include="model_spawner.cpp">
      <Filter>ソース ファイル</Filter>
    </ClCompile>
    <ClCompile Include="motion.cpp">
      <Filter>ソース ファイル</Filter>
    </ClCompile>
    <ClCompile Include="player.cpp">
      <Filter>ソース ファイル</Filter>
    </ClCompile>
    <ClCompile Include="Renderer.cpp">
      <Filter>ソース ファイル</Filter>
    </ClCompile>
    <ClCompile Include="result.cpp">
      <Filter>ソース ファイル\モード</Filter>
    </ClCompile>
    <ClCompile Include="game.cpp">
      <Filter>ソース ファイル\モード</Filter>
    </ClCompile>
    <ClCompile Include="title.cpp">
      <Filter>ソース ファイル\モード</Filter>
    </ClCompile>
    <ClCompile Include="score.cpp">
      <Filter>ソース ファイル</Filter>
    </ClCompile>
    <ClCompile Include="time.cpp">
      <Filter>ソース ファイル</Filter>
    </ClCompile>
    <ClCompile Include="XInput.cpp">
      <Filter>ソース ファイル</Filter>
    </ClCompile>
    <ClCompile Include="effect.cpp">
      <Filter>ソース ファイル</Filter>
    </ClCompile>
    <ClCompile Include="Particle.cpp">
      <Filter>ソース ファイル</Filter>
    </ClCompile>
    <ClCompile Include="billboard.cpp">
      <Filter>ソース ファイル</Filter>
    </ClCompile>
    <ClCompile Include="deleteItem.cpp">
      <Filter>ソース ファイル</Filter>
    </ClCompile>
    <ClCompile Include="collision.cpp">
      <Filter>ソース ファイル</Filter>
    </ClCompile>
    <ClCompile Include="goal.cpp">
      <Filter>ソース ファイル\ゴール</Filter>
    </ClCompile>
    <ClCompile Include="field.cpp">
      <Filter>ソース ファイル\フィールド</Filter>
    </ClCompile>
    <ClCompile Include="meshsphere.cpp">
      <Filter>ソース ファイル\メッシュスフィア</Filter>
    </ClCompile>
    <ClCompile Include="effect_sphere.cpp">
      <Filter>ソース ファイル\エフェクトスフィア</Filter>
    </ClCompile>
    <ClCompile Include="stage.cpp">
      <Filter>ソース ファイル\ステージ</Filter>
    </ClCompile>
    <ClCompile Include="mouse.cpp">
      <Filter>ソース ファイル</Filter>
    </ClCompile>
    <ClCompile Include="enemy_baum.cpp">
      <Filter>ソース ファイル\敵</Filter>
    </ClCompile>
    <ClCompile Include="Enemy.cpp">
      <Filter>ソース ファイル\敵</Filter>
    </ClCompile>
    <ClCompile Include="barrier_block.cpp">
      <Filter>ソース ファイル\障害物</Filter>
    </ClCompile>
    <ClCompile Include="barrier_wood.cpp">
      <Filter>ソース ファイル\障害物</Filter>
    </ClCompile>
    <ClCompile Include="polygon.cpp">
      <Filter>ソース ファイル</Filter>
    </ClCompile>
    <ClCompile Include="gauge.cpp">
      <Filter>ソース ファイル</Filter>
    </ClCompile>
    <ClCompile Include="shadow.cpp">
      <Filter>ソース ファイル\影</Filter>
    </ClCompile>
    <ClCompile Include="bileffect.cpp">
      <Filter>ソース ファイル\パーティクル</Filter>
    </ClCompile>
    <ClCompile Include="smoke_effect.cpp">
      <Filter>ソース ファイル\パーティクル</Filter>
    </ClCompile>
    <ClCompile Include="circle_effect.cpp">
      <Filter>ソース ファイル\パーティクル</Filter>
    </ClCompile>
    <ClCompile Include="explosion_effect.cpp">
      <Filter>ソース ファイル\パーティクル</Filter>
    </ClCompile>
    <ClCompile Include="effect_sa.cpp">
      <Filter>ソース ファイル\パーティクル</Filter>
    </ClCompile>
    <ClCompile Include="pause.cpp">
      <Filter>ソース ファイル\ポーズ</Filter>
    </ClCompile>
    <ClCompile Include="fair_Effect.cpp">
      <Filter>ソース ファイル\パーティクル</Filter>
    </ClCompile>
    <ClCompile Include="stage_total_model.cpp">
      <Filter>ソース ファイル\ステージ</Filter>
    </ClCompile>
    <ClCompile Include="manager.cpp">
      <Filter>ソース ファイル\モード</Filter>
    </ClCompile>
    <ClCompile Include="sound.cpp">
      <Filter>ソース ファイル</Filter>
    </ClCompile>
  </ItemGroup>
</Project>